
Microsoft Visual Studio Solution File, Format Version 12.00
# Visual Studio Version 17
VisualStudioVersion = 17.2.32630.192
MinimumVisualStudioVersion = 10.0.40219.1
Project("{9A19103F-16F7-4668-BE54-9A1E7A4F7556}") = "Version Number Incrementer", "Version Number Incrementer.csproj", "{3F5FAC50-585C-4297-856B-18E7B9975612}"
EndProject
Project("{9A19103F-16F7-4668-BE54-9A1E7A4F7556}") = "VersionNumberIncrementerTests", "..\VersionNumberIncrementerTests\VersionNumberIncrementerTests.csproj", "{113277BF-2D19-4C70-B0EF-14E00BFFE98D}"
EndProject
Global
	GlobalSection(SolutionConfigurationPlatforms) = preSolution
		Debug|Any CPU = Debug|Any CPU
		Release|Any CPU = Release|Any CPU
	EndGlobalSection
	GlobalSection(ProjectConfigurationPlatforms) = postSolution
		{3F5FAC50-585C-4297-856B-18E7B9975612}.Debug|Any CPU.ActiveCfg = Debug|Any CPU
		{3F5FAC50-585C-4297-856B-18E7B9975612}.Debug|Any CPU.Build.0 = Debug|Any CPU
		{3F5FAC50-585C-4297-856B-18E7B9975612}.Release|Any CPU.ActiveCfg = Release|Any CPU
		{3F5FAC50-585C-4297-856B-18E7B9975612}.Release|Any CPU.Build.0 = Release|Any CPU
		{113277BF-2D19-4C70-B0EF-14E00BFFE98D}.Debug|Any CPU.ActiveCfg = Debug|Any CPU
		{113277BF-2D19-4C70-B0EF-14E00BFFE98D}.Debug|Any CPU.Build.0 = Debug|Any CPU
		{113277BF-2D19-4C70-B0EF-14E00BFFE98D}.Release|Any CPU.ActiveCfg = Release|Any CPU
		{113277BF-2D19-4C70-B0EF-14E00BFFE98D}.Release|Any CPU.Build.0 = Release|Any CPU
	EndGlobalSection
	GlobalSection(SolutionProperties) = preSolution
		HideSolutionNode = FALSE
	EndGlobalSection
	GlobalSection(ExtensibilityGlobals) = postSolution
		SolutionGuid = {047A0048-AC4F-4D92-AF99-6CFCC94E9442}
	EndGlobalSection
EndGlobal
